// !$*UTF8*$!
{
	archiveVersion = 1;
	classes = {
	};
	objectVersion = 51;
	objects = {

/* Begin PBXBuildFile section */
		AED327C2E750DD5470C4204A /* Pods_LoginGogle.framework in Frameworks */ = {isa = PBXBuildFile; fileRef = C9EF4F6D08646EE39CEA6938 /* Pods_LoginGogle.framework */; };
		F6E62DC122CDE6DD00D8EE9D /* AppDelegate.swift in Sources */ = {isa = PBXBuildFile; fileRef = F6E62DC022CDE6DD00D8EE9D /* AppDelegate.swift */; };
		F6E62DC322CDE6DD00D8EE9D /* ViewController.swift in Sources */ = {isa = PBXBuildFile; fileRef = F6E62DC222CDE6DD00D8EE9D /* ViewController.swift */; };
		F6E62DC622CDE6DD00D8EE9D /* Main.storyboard in Resources */ = {isa = PBXBuildFile; fileRef = F6E62DC422CDE6DD00D8EE9D /* Main.storyboard */; };
		F6E62DC822CDE6DE00D8EE9D /* Assets.xcassets in Resources */ = {isa = PBXBuildFile; fileRef = F6E62DC722CDE6DE00D8EE9D /* Assets.xcassets */; };
		F6E62DCB22CDE6DE00D8EE9D /* LaunchScreen.storyboard in Resources */ = {isa = PBXBuildFile; fileRef = F6E62DC922CDE6DE00D8EE9D /* LaunchScreen.storyboard */; };
		F6E62DD522CDF4E500D8EE9D /* GoogleService-Info.plist in Resources */ = {isa = PBXBuildFile; fileRef = F6E62DD422CDF4E500D8EE9D /* GoogleService-Info.plist */; };
/* End PBXBuildFile section */

/* Begin PBXFileReference section */
		596BA41987210C893B97CDA8 /* Pods-LoginGogle.debug.xcconfig */ = {isa = PBXFileReference; includeInIndex = 1; lastKnownFileType = text.xcconfig; name = "Pods-LoginGogle.debug.xcconfig"; path = "Target Support Files/Pods-LoginGogle/Pods-LoginGogle.debug.xcconfig"; sourceTree = "<group>"; };
		C9EF4F6D08646EE39CEA6938 /* Pods_LoginGogle.framework */ = {isa = PBXFileReference; explicitFileType = wrapper.framework; includeInIndex = 0; path = Pods_LoginGogle.framework; sourceTree = BUILT_PRODUCTS_DIR; };
		F286D63E7B0B5FF319D42AD6 /* Pods-LoginGogle.release.xcconfig */ = {isa = PBXFileReference; includeInIndex = 1; lastKnownFileType = text.xcconfig; name = "Pods-LoginGogle.release.xcconfig"; path = "Target Support Files/Pods-LoginGogle/Pods-LoginGogle.release.xcconfig"; sourceTree = "<group>"; };
		F6E62DBD22CDE6DD00D8EE9D /* LoginGogle.app */ = {isa = PBXFileReference; explicitFileType = wrapper.application; includeInIndex = 0; path = LoginGogle.app; sourceTree = BUILT_PRODUCTS_DIR; };
		F6E62DC022CDE6DD00D8EE9D /* AppDelegate.swift */ = {isa = PBXFileReference; lastKnownFileType = sourcecode.swift; path = AppDelegate.swift; sourceTree = "<group>"; };
		F6E62DC222CDE6DD00D8EE9D /* ViewController.swift */ = {isa = PBXFileReference; lastKnownFileType = sourcecode.swift; path = ViewController.swift; sourceTree = "<group>"; };
		F6E62DC522CDE6DD00D8EE9D /* Base */ = {isa = PBXFileReference; lastKnownFileType = file.storyboard; name = Base; path = Base.lproj/Main.storyboard; sourceTree = "<group>"; };
		F6E62DC722CDE6DE00D8EE9D /* Assets.xcassets */ = {isa = PBXFileReference; lastKnownFileType = folder.assetcatalog; path = Assets.xcassets; sourceTree = "<group>"; };
		F6E62DCA22CDE6DE00D8EE9D /* Base */ = {isa = PBXFileReference; lastKnownFileType = file.storyboard; name = Base; path = Base.lproj/LaunchScreen.storyboard; sourceTree = "<group>"; };
		F6E62DCC22CDE6DE00D8EE9D /* Info.plist */ = {isa = PBXFileReference; lastKnownFileType = text.plist.xml; path = Info.plist; sourceTree = "<group>"; };
		F6E62DD422CDF4E500D8EE9D /* GoogleService-Info.plist */ = {isa = PBXFileReference; fileEncoding = 4; lastKnownFileType = text.plist.xml; path = "GoogleService-Info.plist"; sourceTree = "<group>"; };
/* End PBXFileReference section */

/* Begin PBXFrameworksBuildPhase section */
		F6E62DBA22CDE6DD00D8EE9D /* Frameworks */ = {
			isa = PBXFrameworksBuildPhase;
			buildActionMask = 2147483647;
			files = (
				AED327C2E750DD5470C4204A /* Pods_LoginGogle.framework in Frameworks */,
			);
			runOnlyForDeploymentPostprocessing = 0;
		};
/* End PBXFrameworksBuildPhase section */

/* Begin PBXGroup section */
		622076D2E3E58997F4B9DD5B /* Pods */ = {
			isa = PBXGroup;
			children = (
				596BA41987210C893B97CDA8 /* Pods-LoginGogle.debug.xcconfig */,
				F286D63E7B0B5FF319D42AD6 /* Pods-LoginGogle.release.xcconfig */,
			);
			path = Pods;
			sourceTree = "<group>";
		};
		6602F23D4ED4FE44B0440343 /* Frameworks */ = {
			isa = PBXGroup;
			children = (
				C9EF4F6D08646EE39CEA6938 /* Pods_LoginGogle.framework */,
			);
			name = Frameworks;
			sourceTree = "<group>";
		};
		F6E62DB422CDE6DD00D8EE9D = {
			isa = PBXGroup;
			children = (
				F6E62DBF22CDE6DD00D8EE9D /* LoginGogle */,
				F6E62DBE22CDE6DD00D8EE9D /* Products */,
				622076D2E3E58997F4B9DD5B /* Pods */,
				6602F23D4ED4FE44B0440343 /* Frameworks */,
			);
			sourceTree = "<group>";
		};
		F6E62DBE22CDE6DD00D8EE9D /* Products */ = {
			isa = PBXGroup;
			children = (
				F6E62DBD22CDE6DD00D8EE9D /* LoginGogle.app */,
			);
			name = Products;
			sourceTree = "<group>";
		};
		F6E62DBF22CDE6DD00D8EE9D /* LoginGogle */ = {
			isa = PBXGroup;
			children = (
				F6E62DD422CDF4E500D8EE9D /* GoogleService-Info.plist */,
				F6E62DC022CDE6DD00D8EE9D /* AppDelegate.swift */,
				F6E62DC222CDE6DD00D8EE9D /* ViewController.swift */,
				F6E62DC422CDE6DD00D8EE9D /* Main.storyboard */,
				F6E62DC722CDE6DE00D8EE9D /* Assets.xcassets */,
				F6E62DC922CDE6DE00D8EE9D /* LaunchScreen.storyboard */,
				F6E62DCC22CDE6DE00D8EE9D /* Info.plist */,
			);
			path = LoginGogle;
			sourceTree = "<group>";
		};
/* End PBXGroup section */

/* Begin PBXNativeTarget section */
		F6E62DBC22CDE6DD00D8EE9D /* LoginGogle */ = {
			isa = PBXNativeTarget;
			buildConfigurationList = F6E62DCF22CDE6DE00D8EE9D /* Build configuration list for PBXNativeTarget "LoginGogle" */;
			buildPhases = (
				C275C8D487D6BA915A125F11 /* [CP] Check Pods Manifest.lock */,
				F6E62DB922CDE6DD00D8EE9D /* Sources */,
				F6E62DBA22CDE6DD00D8EE9D /* Frameworks */,
				F6E62DBB22CDE6DD00D8EE9D /* Resources */,
				A9E87173C55ED4B77504AFC9 /* [CP] Embed Pods Frameworks */,
				42C0FAAB62CB634649CFC215 /* [CP] Copy Pods Resources */,
			);
			buildRules = (
			);
			dependencies = (
			);
			name = LoginGogle;
			productName = LoginGogle;
			productReference = F6E62DBD22CDE6DD00D8EE9D /* LoginGogle.app */;
			productType = "com.apple.product-type.application";
		};
/* End PBXNativeTarget section */

/* Begin PBXProject section */
		F6E62DB522CDE6DD00D8EE9D /* Project object */ = {
			isa = PBXProject;
			attributes = {
				LastSwiftUpdateCheck = 1010;
				LastUpgradeCheck = 1010;
				ORGANIZATIONNAME = "Nguyen khac vu";
				TargetAttributes = {
					F6E62DBC22CDE6DD00D8EE9D = {
						CreatedOnToolsVersion = 10.1;
					};
				};
			};
			buildConfigurationList = F6E62DB822CDE6DD00D8EE9D /* Build configuration list for PBXProject "LoginGogle" */;
			compatibilityVersion = "Xcode 9.3";
			developmentRegion = en;
			hasScannedForEncodings = 0;
			knownRegions = (
				en,
				Base,
			);
			mainGroup = F6E62DB422CDE6DD00D8EE9D;
			productRefGroup = F6E62DBE22CDE6DD00D8EE9D /* Products */;
			projectDirPath = "";
			projectRoot = "";
			targets = (
				F6E62DBC22CDE6DD00D8EE9D /* LoginGogle */,
			);
		};
/* End PBXProject section */

/* Begin PBXResourcesBuildPhase section */
		F6E62DBB22CDE6DD00D8EE9D /* Resources */ = {
			isa = PBXResourcesBuildPhase;
			buildActionMask = 2147483647;
			files = (
				F6E62DCB22CDE6DE00D8EE9D /* LaunchScreen.storyboard in Resources */,
				F6E62DC822CDE6DE00D8EE9D /* Assets.xcassets in Resources */,
				F6E62DD522CDF4E500D8EE9D /* GoogleService-Info.plist in Resources */,
				F6E62DC622CDE6DD00D8EE9D /* Main.storyboard in Resources */,
			);
			runOnlyForDeploymentPostprocessing = 0;
		};
/* End PBXResourcesBuildPhase section */

/* Begin PBXShellScriptBuildPhase section */
		42C0FAAB62CB634649CFC215 /* [CP] Copy Pods Resources */ = {
			isa = PBXShellScriptBuildPhase;
			buildActionMask = 2147483647;
			files = (
			);
			inputFileListPaths = (
				"${PODS_ROOT}/Target Support Files/Pods-LoginGogle/Pods-LoginGogle-resources-${CONFIGURATION}-input-files.xcfilelist",
			);
			name = "[CP] Copy Pods Resources";
			outputFileListPaths = (
				"${PODS_ROOT}/Target Support Files/Pods-LoginGogle/Pods-LoginGogle-resources-${CONFIGURATION}-output-files.xcfilelist",
			);
			runOnlyForDeploymentPostprocessing = 0;
			shellPath = /bin/sh;
			shellScript = "\"${PODS_ROOT}/Target Support Files/Pods-LoginGogle/Pods-LoginGogle-resources.sh\"\n";
			showEnvVarsInLog = 0;
		};
		A9E87173C55ED4B77504AFC9 /* [CP] Embed Pods Frameworks */ = {
			isa = PBXShellScriptBuildPhase;
			buildActionMask = 2147483647;
			files = (
			);
			inputFileListPaths = (
				"${PODS_ROOT}/Target Support Files/Pods-LoginGogle/Pods-LoginGogle-frameworks-${CONFIGURATION}-input-files.xcfilelist",
			);
			name = "[CP] Embed Pods Frameworks";
			outputFileListPaths = (
				"${PODS_ROOT}/Target Support Files/Pods-LoginGogle/Pods-LoginGogle-frameworks-${CONFIGURATION}-output-files.xcfilelist",
			);
			runOnlyForDeploymentPostprocessing = 0;
			shellPath = /bin/sh;
			shellScript = "\"${PODS_ROOT}/Target Support Files/Pods-LoginGogle/Pods-LoginGogle-frameworks.sh\"\n";
			showEnvVarsInLog = 0;
		};
		C275C8D487D6BA915A125F11 /* [CP] Check Pods Manifest.lock */ = {
			isa = PBXShellScriptBuildPhase;
			buildActionMask = 2147483647;
			files = (
			);
			inputFileListPaths = (
			);
			inputPaths = (
				"${PODS_PODFILE_DIR_PATH}/Podfile.lock",
				"${PODS_ROOT}/Manifest.lock",
			);
			name = "[CP] Check Pods Manifest.lock";
			outputFileListPaths = (
			);
			outputPaths = (
				"$(DERIVED_FILE_DIR)/Pods-LoginGogle-checkManifestLockResult.txt",
			);
			runOnlyForDeploymentPostprocessing = 0;
			shellPath = /bin/sh;
			shellScript = "diff \"${PODS_PODFILE_DIR_PATH}/Podfile.lock\" \"${PODS_ROOT}/Manifest.lock\" > /dev/null\nif [ $? != 0 ] ; then\n    # print error to STDERR\n    echo \"error: The sandbox is not in sync with the Podfile.lock. Run 'pod install' or update your CocoaPods installation.\" >&2\n    exit 1\nfi\n# This output is used by Xcode 'outputs' to avoid re-running this script phase.\necho \"SUCCESS\" > \"${SCRIPT_OUTPUT_FILE_0}\"\n";
			showEnvVarsInLog = 0;
		};
/* End PBXShellScriptBuildPhase section */

/* Begin PBXSourcesBuildPhase section */
		F6E62DB922CDE6DD00D8EE9D /* Sources */ = {
			isa = PBXSourcesBuildPhase;
			buildActionMask = 2147483647;
			files = (
				F6E62DC322CDE6DD00D8EE9D /* ViewController.swift in Sources */,
				F6E62DC122CDE6DD00D8EE9D /* AppDelegate.swift in Sources */,
			);
			runOnlyForDeploymentPostprocessing = 0;
		};
/* End PBXSourcesBuildPhase section */

/* Begin PBXVariantGroup section */
		F6E62DC422CDE6DD00D8EE9D /* Main.storyboard */ = {
			isa = PBXVariantGroup;
			children = (
				F6E62DC522CDE6DD00D8EE9D /* Base */,
			);
			name = Main.storyboard;
			sourceTree = "<group>";
		};
		F6E62DC922CDE6DE00D8EE9D /* LaunchScreen.storyboard */ = {
			isa = PBXVariantGroup;
			children = (
				F6E62DCA22CDE6DE00D8EE9D /* Base */,
			);
			name = LaunchScreen.storyboard;
			sourceTree = "<group>";
		};
/* End PBXVariantGroup section */

/* Begin XCBuildConfiguration section */
		F6E62DCD22CDE6DE00D8EE9D /* Debug */ = {
			isa = XCBuildConfiguration;
			buildSettings = {
				ALWAYS_SEARCH_USER_PATHS = NO;
				CLANG_ANALYZER_NONNULL = YES;
				CLANG_ANALYZER_NUMBER_OBJECT_CONVERSION = YES_AGGRESSIVE;
				CLANG_CXX_LANGUAGE_STANDARD = "gnu++14";
				CLANG_CXX_LIBRARY = "libc++";
				CLANG_ENABLE_MODULES = YES;
				CLANG_ENABLE_OBJC_ARC = YES;
				CLANG_ENABLE_OBJC_WEAK = YES;
				CLANG_WARN_BLOCK_CAPTURE_AUTORELEASING = YES;
				CLANG_WARN_BOOL_CONVERSION = YES;
				CLANG_WARN_COMMA = YES;
				CLANG_WARN_CONSTANT_CONVERSION = YES;
				CLANG_WARN_DEPRECATED_OBJC_IMPLEMENTATIONS = YES;
				CLANG_WARN_DIRECT_OBJC_ISA_USAGE = YES_ERROR;
				CLANG_WARN_DOCUMENTATION_COMMENTS = YES;
				CLANG_WARN_EMPTY_BODY = YES;
				CLANG_WARN_ENUM_CONVERSION = YES;
				CLANG_WARN_INFINITE_RECURSION = YES;
				CLANG_WARN_INT_CONVERSION = YES;
				CLANG_WARN_NON_LITERAL_NULL_CONVERSION = YES;
				CLANG_WARN_OBJC_IMPLICIT_RETAIN_SELF = YES;
				CLANG_WARN_OBJC_LITERAL_CONVERSION = YES;
				CLANG_WARN_OBJC_ROOT_CLASS = YES_ERROR;
				CLANG_WARN_RANGE_LOOP_ANALYSIS = YES;
				CLANG_WARN_STRICT_PROTOTYPES = YES;
				CLANG_WARN_SUSPICIOUS_MOVE = YES;
				CLANG_WARN_UNGUARDED_AVAILABILITY = YES_AGGRESSIVE;
				CLANG_WARN_UNREACHABLE_CODE = YES;
				CLANG_WARN__DUPLICATE_METHOD_MATCH = YES;
				CODE_SIGN_IDENTITY = "iPhone Developer";
				COPY_PHASE_STRIP = NO;
				DEBUG_INFORMATION_FORMAT = dwarf;
				ENABLE_STRICT_OBJC_MSGSEND = YES;
				ENABLE_TESTABILITY = YES;
				GCC_C_LANGUAGE_STANDARD = gnu11;
				GCC_DYNAMIC_NO_PIC = NO;
				GCC_NO_COMMON_BLOCKS = YES;
				GCC_OPTIMIZATION_LEVEL = 0;
				GCC_PREPROCESSOR_DEFINITIONS = (
					"DEBUG=1",
					"$(inherited)",
				);
				GCC_WARN_64_TO_32_BIT_CONVERSION = YES;
				GCC_WARN_ABOUT_RETURN_TYPE = YES_ERROR;
				GCC_WARN_UNDECLARED_SELECTOR = YES;
				GCC_WARN_UNINITIALIZED_AUTOS = YES_AGGRESSIVE;
				GCC_WARN_UNUSED_FUNCTION = YES;
				GCC_WARN_UNUSED_VARIABLE = YES;
				IPHONEOS_DEPLOYMENT_TARGET = 12.1;
				MTL_ENABLE_DEBUG_INFO = INCLUDE_SOURCE;
				MTL_FAST_MATH = YES;
				ONLY_ACTIVE_ARCH = YES;
				SDKROOT = iphoneos;
				SWIFT_ACTIVE_COMPILATION_CONDITIONS = DEBUG;
				SWIFT_OPTIMIZATION_LEVEL = "-Onone";
			};
			name = Debug;
		};
		F6E62DCE22CDE6DE00D8EE9D /* Release */ = {
			isa = XCBuildConfiguration;
			buildSettings = {
				ALWAYS_SEARCH_USER_PATHS = NO;
				CLANG_ANALYZER_NONNULL = YES;
				CLANG_ANALYZER_NUMBER_OBJECT_CONVERSION = YES_AGGRESSIVE;
				CLANG_CXX_LANGUAGE_STANDARD = "gnu++14";
				CLANG_CXX_LIBRARY = "libc++";
				CLANG_ENABLE_MODULES = YES;
				CLANG_ENABLE_OBJC_ARC = YES;
				CLANG_ENABLE_OBJC_WEAK = YES;
				CLANG_WARN_BLOCK_CAPTURE_AUTORELEASING = YES;
				CLANG_WARN_BOOL_CONVERSION = YES;
				CLANG_WARN_COMMA = YES;
				CLANG_WARN_CONSTANT_CONVERSION = YES;
				CLANG_WARN_DEPRECATED_OBJC_IMPLEMENTATIONS = YES;
				CLANG_WARN_DIRECT_OBJC_ISA_USAGE = YES_ERROR;
				CLANG_WARN_DOCUMENTATION_COMMENTS = YES;
				CLANG_WARN_EMPTY_BODY = YES;
				CLANG_WARN_ENUM_CONVERSION = YES;
				CLANG_WARN_INFINITE_RECURSION = YES;
				CLANG_WARN_INT_CONVERSION = YES;
				CLANG_WARN_NON_LITERAL_NULL_CONVERSION = YES;
				CLANG_WARN_OBJC_IMPLICIT_RETAIN_SELF = YES;
				CLANG_WARN_OBJC_LITERAL_CONVERSION = YES;
				CLANG_WARN_OBJC_ROOT_CLASS = YES_ERROR;
				CLANG_WARN_RANGE_LOOP_ANALYSIS = YES;
				CLANG_WARN_STRICT_PROTOTYPES = YES;
				CLANG_WARN_SUSPICIOUS_MOVE = YES;
				CLANG_WARN_UNGUARDED_AVAILABILITY = YES_AGGRESSIVE;
				CLANG_WARN_UNREACHABLE_CODE = YES;
				CLANG_WARN__DUPLICATE_METHOD_MATCH = YES;
				CODE_SIGN_IDENTITY = "iPhone Developer";
				COPY_PHASE_STRIP = NO;
				DEBUG_INFORMATION_FORMAT = "dwarf-with-dsym";
				ENABLE_NS_ASSERTIONS = NO;
				ENABLE_STRICT_OBJC_MSGSEND = YES;
				GCC_C_LANGUAGE_STANDARD = gnu11;
				GCC_NO_COMMON_BLOCKS = YES;
				GCC_WARN_64_TO_32_BIT_CONVERSION = YES;
				GCC_WARN_ABOUT_RETURN_TYPE = YES_ERROR;
				GCC_WARN_UNDECLARED_SELECTOR = YES;
				GCC_WARN_UNINITIALIZED_AUTOS = YES_AGGRESSIVE;
				GCC_WARN_UNUSED_FUNCTION = YES;
				GCC_WARN_UNUSED_VARIABLE = YES;
				IPHONEOS_DEPLOYMENT_TARGET = 12.1;
				MTL_ENABLE_DEBUG_INFO = NO;
				MTL_FAST_MATH = YES;
				SDKROOT = iphoneos;
				SWIFT_COMPILATION_MODE = wholemodule;
				SWIFT_OPTIMIZATION_LEVEL = "-O";
				VALIDATE_PRODUCT = YES;
			};
			name = Release;
		};
		F6E62DD022CDE6DE00D8EE9D /* Debug */ = {
			isa = XCBuildConfiguration;
			baseConfigurationReference = 596BA41987210C893B97CDA8 /* Pods-LoginGogle.debug.xcconfig */;
			buildSettings = {
				ASSETCATALOG_COMPILER_APPICON_NAME = AppIcon;
				CODE_SIGN_STYLE = Automatic;
				INFOPLIST_FILE = LoginGogle/Info.plist;
				LD_RUNPATH_SEARCH_PATHS = (
					"$(inherited)",
					"@executable_path/Frameworks",
				);
				PRODUCT_BUNDLE_IDENTIFIER = anhvu.LoginGogle;
				PRODUCT_NAME = "$(TARGET_NAME)";
				SWIFT_VERSION = 4.2;
				TARGETED_DEVICE_FAMILY = "1,2";
			};
			name = Debug;
		};
		F6E62DD122CDE6DE00D8EE9D /* Release */ = {
			isa = XCBuildConfiguration;
			baseConfigurationReference = F286D63E7B0B5FF319D42AD6 /* Pods-LoginGogle.release.xcconfig */;
			buildSettings = {
				ASSETCATALOG_COMPILER_APPICON_NAME = AppIcon;
				CODE_SIGN_STYLE = Automatic;
				INFOPLIST_FILE = LoginGogle/Info.plist;
				LD_RUNPATH_SEARCH_PATHS = (
					"$(inherited)",
					"@executable_path/Frameworks",
				);
				PRODUCT_BUNDLE_IDENTIFIER = anhvu.LoginGogle;
				PRODUCT_NAME = "$(TARGET_NAME)";
				SWIFT_VERSION = 4.2;
				TARGETED_DEVICE_FAMILY = "1,2";
			};
			name = Release;
		};
/* End XCBuildConfiguration section */

/* Begin XCConfigurationList section */
		F6E62DB822CDE6DD00D8EE9D /* Build configuration list for PBXProject "LoginGogle" */ = {
			isa = XCConfigurationList;
			buildConfigurations = (
				F6E62DCD22CDE6DE00D8EE9D /* Debug */,
				F6E62DCE22CDE6DE00D8EE9D /* Release */,
			);
			defaultConfigurationIsVisible = 0;
			defaultConfigurationName = Release;
		};
		F6E62DCF22CDE6DE00D8EE9D /* Build configuration list for PBXNativeTarget "LoginGogle" */ = {
			isa = XCConfigurationList;
			buildConfigurations = (
				F6E62DD022CDE6DE00D8EE9D /* Debug */,
				F6E62DD122CDE6DE00D8EE9D /* Release */,
			);
			defaultConfigurationIsVisible = 0;
			defaultConfigurationName = Release;
		};
/* End XCConfigurationList section */
	};
	rootObject = F6E62DB522CDE6DD00D8EE9D /* Project object */;
}
